// !$*UTF8*$!
{
	archiveVersion = 1;
	classes = {
	};
	objectVersion = 77;
	objects = {

/* Begin PBXContainerItemProxy section */
		E116A1F72D1C7AC4009314FB /* PBXContainerItemProxy */ = {
			isa = PBXContainerItemProxy;
			containerPortal = E1A4E4F52D182ECC0097E575 /* Project object */;
			proxyType = 1;
			remoteGlobalIDString = E1A4E4FC2D182ECC0097E575;
			remoteInfo = MultiScreenCapturer;
		};
		E116A2062D1C7AFC009314FB /* PBXContainerItemProxy */ = {
			isa = PBXContainerItemProxy;
			containerPortal = E1A4E4F52D182ECC0097E575 /* Project object */;
			proxyType = 1;
			remoteGlobalIDString = E1A4E4FC2D182ECC0097E575;
			remoteInfo = MultiScreenCapturer;
		};
/* End PBXContainerItemProxy section */

/* Begin PBXFileReference section */
		E116A1F32D1C7AC4009314FB /* MultiScreenCapturerTests.xctest */ = {isa = PBXFileReference; explicitFileType = wrapper.cfbundle; includeInIndex = 0; path = MultiScreenCapturerTests.xctest; sourceTree = BUILT_PRODUCTS_DIR; };
		E116A2002D1C7AFC009314FB /* MultiScreenCapturerUITests.xctest */ = {isa = PBXFileReference; explicitFileType = wrapper.cfbundle; includeInIndex = 0; path = MultiScreenCapturerUITests.xctest; sourceTree = BUILT_PRODUCTS_DIR; };
		E135B14A2D1E8D4D00864F55 /* MultiScreenCapturer.xctestplan */ = {isa = PBXFileReference; lastKnownFileType = text; path = MultiScreenCapturer.xctestplan; sourceTree = "<group>"; };
		E1A4E4FD2D182ECC0097E575 /* MultiScreen Capturer.app */ = {isa = PBXFileReference; explicitFileType = wrapper.application; includeInIndex = 0; path = "MultiScreen Capturer.app"; sourceTree = BUILT_PRODUCTS_DIR; };
/* End PBXFileReference section */

/* Begin PBXFileSystemSynchronizedRootGroup section */
		E116A1F42D1C7AC4009314FB /* MultiScreenCapturerTests */ = {
			isa = PBXFileSystemSynchronizedRootGroup;
			path = MultiScreenCapturerTests;
			sourceTree = "<group>";
		};
		E116A2012D1C7AFC009314FB /* MultiScreenCapturerUITests */ = {
			isa = PBXFileSystemSynchronizedRootGroup;
			path = MultiScreenCapturerUITests;
			sourceTree = "<group>";
		};
		E1A4E4FF2D182ECC0097E575 /* MultiScreenCapturer */ = {
			isa = PBXFileSystemSynchronizedRootGroup;
			path = MultiScreenCapturer;
			sourceTree = "<group>";
		};
		E1A4E5132D182ECD0097E575 /* MultiScreenCapturerTests */ = {
			isa = PBXFileSystemSynchronizedRootGroup;
			path = MultiScreenCapturerTests;
			sourceTree = "<group>";
		};
		E1A4E51D2D182ECD0097E575 /* MultiScreenCapturerUITests */ = {
			isa = PBXFileSystemSynchronizedRootGroup;
			path = MultiScreenCapturerUITests;
			sourceTree = "<group>";
		};
/* End PBXFileSystemSynchronizedRootGroup section */

/* Begin PBXFrameworksBuildPhase section */
		E116A1F02D1C7AC4009314FB /* Frameworks */ = {
			isa = PBXFrameworksBuildPhase;
			buildActionMask = 2147483647;
			files = (
			);
			runOnlyForDeploymentPostprocessing = 0;
		};
		E116A1FD2D1C7AFC009314FB /* Frameworks */ = {
			isa = PBXFrameworksBuildPhase;
			buildActionMask = 2147483647;
			files = (
			);
			runOnlyForDeploymentPostprocessing = 0;
		};
		E1A4E4FA2D182ECC0097E575 /* Frameworks */ = {
			isa = PBXFrameworksBuildPhase;
			buildActionMask = 2147483647;
			files = (
			);
			runOnlyForDeploymentPostprocessing = 0;
		};
/* End PBXFrameworksBuildPhase section */

/* Begin PBXGroup section */
		E1A4E4F42D182ECC0097E575 = {
			isa = PBXGroup;
			children = (
				E135B14A2D1E8D4D00864F55 /* MultiScreenCapturer.xctestplan */,
				E1A4E4FF2D182ECC0097E575 /* MultiScreenCapturer */,
				E1A4E5132D182ECD0097E575 /* MultiScreenCapturerTests */,
				E1A4E51D2D182ECD0097E575 /* MultiScreenCapturerUITests */,
				E116A1F42D1C7AC4009314FB /* MultiScreenCapturerTests */,
				E116A2012D1C7AFC009314FB /* MultiScreenCapturerUITests */,
				E1A4E4FE2D182ECC0097E575 /* Products */,
			);
			sourceTree = "<group>";
		};
		E1A4E4FE2D182ECC0097E575 /* Products */ = {
			isa = PBXGroup;
			children = (
				E1A4E4FD2D182ECC0097E575 /* MultiScreen Capturer.app */,
				E116A1F32D1C7AC4009314FB /* MultiScreenCapturerTests.xctest */,
				E116A2002D1C7AFC009314FB /* MultiScreenCapturerUITests.xctest */,
			);
			name = Products;
			sourceTree = "<group>";
		};
/* End PBXGroup section */

/* Begin PBXNativeTarget section */
		E116A1F22D1C7AC4009314FB /* MultiScreenCapturerTests */ = {
			isa = PBXNativeTarget;
			buildConfigurationList = E116A1F92D1C7AC4009314FB /* Build configuration list for PBXNativeTarget "MultiScreenCapturerTests" */;
			buildPhases = (
				E116A1EF2D1C7AC4009314FB /* Sources */,
				E116A1F02D1C7AC4009314FB /* Frameworks */,
				E116A1F12D1C7AC4009314FB /* Resources */,
			);
			buildRules = (
			);
			dependencies = (
				E116A1F82D1C7AC4009314FB /* PBXTargetDependency */,
			);
			fileSystemSynchronizedGroups = (
				E116A1F42D1C7AC4009314FB /* MultiScreenCapturerTests */,
			);
			name = MultiScreenCapturerTests;
			packageProductDependencies = (
			);
			productName = MultiScreenCapturerTests;
			productReference = E116A1F32D1C7AC4009314FB /* MultiScreenCapturerTests.xctest */;
			productType = "com.apple.product-type.bundle.unit-test";
		};
		E116A1FF2D1C7AFC009314FB /* MultiScreenCapturerUITests */ = {
			isa = PBXNativeTarget;
			buildConfigurationList = E116A2082D1C7AFC009314FB /* Build configuration list for PBXNativeTarget "MultiScreenCapturerUITests" */;
			buildPhases = (
				E116A1FC2D1C7AFC009314FB /* Sources */,
				E116A1FD2D1C7AFC009314FB /* Frameworks */,
				E116A1FE2D1C7AFC009314FB /* Resources */,
			);
			buildRules = (
			);
			dependencies = (
				E116A2072D1C7AFC009314FB /* PBXTargetDependency */,
			);
			fileSystemSynchronizedGroups = (
				E116A2012D1C7AFC009314FB /* MultiScreenCapturerUITests */,
			);
			name = MultiScreenCapturerUITests;
			packageProductDependencies = (
			);
			productName = MultiScreenCapturerUITests;
			productReference = E116A2002D1C7AFC009314FB /* MultiScreenCapturerUITests.xctest */;
			productType = "com.apple.product-type.bundle.ui-testing";
		};
		E1A4E4FC2D182ECC0097E575 /* MultiScreenCapturer */ = {
			isa = PBXNativeTarget;
			buildConfigurationList = E1A4E5242D182ECD0097E575 /* Build configuration list for PBXNativeTarget "MultiScreenCapturer" */;
			buildPhases = (
				E1A4E4F92D182ECC0097E575 /* Sources */,
				E1A4E4FA2D182ECC0097E575 /* Frameworks */,
				E1A4E4FB2D182ECC0097E575 /* Resources */,
			);
			buildRules = (
			);
			dependencies = (
			);
			fileSystemSynchronizedGroups = (
				E1A4E4FF2D182ECC0097E575 /* MultiScreenCapturer */,
			);
			name = MultiScreenCapturer;
			packageProductDependencies = (
			);
			productName = MultiScreenCapturer;
			productReference = E1A4E4FD2D182ECC0097E575 /* MultiScreen Capturer.app */;
			productType = "com.apple.product-type.application";
		};
/* End PBXNativeTarget section */

/* Begin PBXProject section */
		E1A4E4F52D182ECC0097E575 /* Project object */ = {
			isa = PBXProject;
			attributes = {
				BuildIndependentTargetsInParallel = 1;
				LastSwiftUpdateCheck = 1620;
				LastUpgradeCheck = 1620;
				TargetAttributes = {
					E116A1F22D1C7AC4009314FB = {
						CreatedOnToolsVersion = 16.2;
						TestTargetID = E1A4E4FC2D182ECC0097E575;
					};
					E116A1FF2D1C7AFC009314FB = {
						CreatedOnToolsVersion = 16.2;
						TestTargetID = E1A4E4FC2D182ECC0097E575;
					};
					E1A4E4FC2D182ECC0097E575 = {
						CreatedOnToolsVersion = 16.2;
					};
				};
			};
			buildConfigurationList = E1A4E4F82D182ECC0097E575 /* Build configuration list for PBXProject "MultiScreenCapturer" */;
			developmentRegion = en;
			hasScannedForEncodings = 0;
			knownRegions = (
				en,
				"zh-Hans",
			);
			mainGroup = E1A4E4F42D182ECC0097E575;
			minimizedProjectReferenceProxies = 1;
			preferredProjectObjectVersion = 77;
			productRefGroup = E1A4E4F42D182ECC0097E575;
			projectDirPath = "";
			projectRoot = "";
			targets = (
				E1A4E4FC2D182ECC0097E575 /* MultiScreenCapturer */,
				E116A1F22D1C7AC4009314FB /* MultiScreenCapturerTests */,
				E116A1FF2D1C7AFC009314FB /* MultiScreenCapturerUITests */,
			);
		};
/* End PBXProject section */

/* Begin PBXResourcesBuildPhase section */
		E116A1F12D1C7AC4009314FB /* Resources */ = {
			isa = PBXResourcesBuildPhase;
			buildActionMask = 2147483647;
			files = (
			);
			runOnlyForDeploymentPostprocessing = 0;
		};
		E116A1FE2D1C7AFC009314FB /* Resources */ = {
			isa = PBXResourcesBuildPhase;
			buildActionMask = 2147483647;
			files = (
			);
			runOnlyForDeploymentPostprocessing = 0;
		};
		E1A4E4FB2D182ECC0097E575 /* Resources */ = {
			isa = PBXResourcesBuildPhase;
			buildActionMask = 2147483647;
			files = (
			);
			runOnlyForDeploymentPostprocessing = 0;
		};
/* End PBXResourcesBuildPhase section */

/* Begin PBXSourcesBuildPhase section */
		E116A1EF2D1C7AC4009314FB /* Sources */ = {
			isa = PBXSourcesBuildPhase;
			buildActionMask = 2147483647;
			files = (
			);
			runOnlyForDeploymentPostprocessing = 0;
		};
		E116A1FC2D1C7AFC009314FB /* Sources */ = {
			isa = PBXSourcesBuildPhase;
			buildActionMask = 2147483647;
			files = (
			);
			runOnlyForDeploymentPostprocessing = 0;
		};
		E1A4E4F92D182ECC0097E575 /* Sources */ = {
			isa = PBXSourcesBuildPhase;
			buildActionMask = 2147483647;
			files = (
			);
			runOnlyForDeploymentPostprocessing = 0;
		};
/* End PBXSourcesBuildPhase section */

/* Begin PBXTargetDependency section */
		E116A1F82D1C7AC4009314FB /* PBXTargetDependency */ = {
			isa = PBXTargetDependency;
			target = E1A4E4FC2D182ECC0097E575 /* MultiScreenCapturer */;
			targetProxy = E116A1F72D1C7AC4009314FB /* PBXContainerItemProxy */;
		};
		E116A2072D1C7AFC009314FB /* PBXTargetDependency */ = {
			isa = PBXTargetDependency;
			target = E1A4E4FC2D182ECC0097E575 /* MultiScreenCapturer */;
			targetProxy = E116A2062D1C7AFC009314FB /* PBXContainerItemProxy */;
		};
/* End PBXTargetDependency section */

/* Begin XCBuildConfiguration section */
		E116A1FA2D1C7AC4009314FB /* Debug */ = {
			isa = XCBuildConfiguration;
			buildSettings = {
				BUNDLE_LOADER = "$(TEST_HOST)";
				"CODE_SIGN_IDENTITY[sdk=macosx*]" = "-";
				CODE_SIGN_STYLE = Manual;
				CURRENT_PROJECT_VERSION = 1;
				DEVELOPMENT_TEAM = "";
				"DEVELOPMENT_TEAM[sdk=macosx*]" = 8RY46C6B44;
				GENERATE_INFOPLIST_FILE = YES;
				MACOSX_DEPLOYMENT_TARGET = 14.0;
				MARKETING_VERSION = 1.0;
				PRODUCT_BUNDLE_IDENTIFIER = HNRobert.MultiScreenCapturerTests;
				PRODUCT_NAME = "$(TARGET_NAME)";
				PROVISIONING_PROFILE_SPECIFIER = "";
				SWIFT_EMIT_LOC_STRINGS = NO;
				SWIFT_VERSION = 5.0;
				TEST_HOST = "$(BUILT_PRODUCTS_DIR)/MultiScreen Capturer.app/$(BUNDLE_EXECUTABLE_FOLDER_PATH)/MultiScreen Capturer";
			};
			name = Debug;
		};
		E116A1FB2D1C7AC4009314FB /* Release */ = {
			isa = XCBuildConfiguration;
			buildSettings = {
				BUNDLE_LOADER = "$(TEST_HOST)";
				"CODE_SIGN_IDENTITY[sdk=macosx*]" = "-";
				CODE_SIGN_STYLE = Manual;
				CURRENT_PROJECT_VERSION = 1;
				DEVELOPMENT_TEAM = "";
				"DEVELOPMENT_TEAM[sdk=macosx*]" = 8RY46C6B44;
				GENERATE_INFOPLIST_FILE = YES;
				MACOSX_DEPLOYMENT_TARGET = 14.0;
				MARKETING_VERSION = 1.0;
				PRODUCT_BUNDLE_IDENTIFIER = HNRobert.MultiScreenCapturerTests;
				PRODUCT_NAME = "$(TARGET_NAME)";
				PROVISIONING_PROFILE_SPECIFIER = "";
				SWIFT_EMIT_LOC_STRINGS = NO;
				SWIFT_VERSION = 5.0;
				TEST_HOST = "$(BUILT_PRODUCTS_DIR)/MultiScreen Capturer.app/$(BUNDLE_EXECUTABLE_FOLDER_PATH)/MultiScreen Capturer";
			};
			name = Release;
		};
		E116A2092D1C7AFC009314FB /* Debug */ = {
			isa = XCBuildConfiguration;
			buildSettings = {
				"CODE_SIGN_IDENTITY[sdk=macosx*]" = "-";
				CODE_SIGN_STYLE = Manual;
				CURRENT_PROJECT_VERSION = 1;
				DEVELOPMENT_TEAM = "";
				"DEVELOPMENT_TEAM[sdk=macosx*]" = 8RY46C6B44;
				GENERATE_INFOPLIST_FILE = YES;
				MACOSX_DEPLOYMENT_TARGET = 14.0;
				MARKETING_VERSION = 1.0;
				PRODUCT_BUNDLE_IDENTIFIER = HNRobert.MultiScreenCapturerUITests;
				PRODUCT_NAME = "$(TARGET_NAME)";
				PROVISIONING_PROFILE_SPECIFIER = "";
				SWIFT_EMIT_LOC_STRINGS = NO;
				SWIFT_VERSION = 5.0;
				TEST_TARGET_NAME = MultiScreenCapturer;
			};
			name = Debug;
		};
		E116A20A2D1C7AFC009314FB /* Release */ = {
			isa = XCBuildConfiguration;
			buildSettings = {
				"CODE_SIGN_IDENTITY[sdk=macosx*]" = "-";
				CODE_SIGN_STYLE = Manual;
				CURRENT_PROJECT_VERSION = 1;
				DEVELOPMENT_TEAM = "";
				"DEVELOPMENT_TEAM[sdk=macosx*]" = 8RY46C6B44;
				GENERATE_INFOPLIST_FILE = YES;
				MACOSX_DEPLOYMENT_TARGET = 14.0;
				MARKETING_VERSION = 1.0;
				PRODUCT_BUNDLE_IDENTIFIER = HNRobert.MultiScreenCapturerUITests;
				PRODUCT_NAME = "$(TARGET_NAME)";
				PROVISIONING_PROFILE_SPECIFIER = "";
				SWIFT_EMIT_LOC_STRINGS = NO;
				SWIFT_VERSION = 5.0;
				TEST_TARGET_NAME = MultiScreenCapturer;
			};
			name = Release;
		};
		E1A4E5222D182ECD0097E575 /* Debug */ = {
			isa = XCBuildConfiguration;
			buildSettings = {
				ALLOW_TARGET_PLATFORM_SPECIALIZATION = YES;
				ALWAYS_SEARCH_USER_PATHS = NO;
				ASSETCATALOG_COMPILER_GENERATE_SWIFT_ASSET_SYMBOL_EXTENSIONS = YES;
				CLANG_ANALYZER_NONNULL = YES;
				CLANG_ANALYZER_NUMBER_OBJECT_CONVERSION = YES_AGGRESSIVE;
				CLANG_CXX_LANGUAGE_STANDARD = "gnu++20";
				CLANG_ENABLE_MODULES = YES;
				CLANG_ENABLE_OBJC_ARC = YES;
				CLANG_ENABLE_OBJC_WEAK = YES;
				CLANG_WARN_BLOCK_CAPTURE_AUTORELEASING = YES;
				CLANG_WARN_BOOL_CONVERSION = YES;
				CLANG_WARN_COMMA = YES;
				CLANG_WARN_CONSTANT_CONVERSION = YES;
				CLANG_WARN_DEPRECATED_OBJC_IMPLEMENTATIONS = YES;
				CLANG_WARN_DIRECT_OBJC_ISA_USAGE = YES_ERROR;
				CLANG_WARN_DOCUMENTATION_COMMENTS = YES;
				CLANG_WARN_EMPTY_BODY = YES;
				CLANG_WARN_ENUM_CONVERSION = YES;
				CLANG_WARN_INFINITE_RECURSION = YES;
				CLANG_WARN_INT_CONVERSION = YES;
				CLANG_WARN_NON_LITERAL_NULL_CONVERSION = YES;
				CLANG_WARN_OBJC_IMPLICIT_RETAIN_SELF = YES;
				CLANG_WARN_OBJC_LITERAL_CONVERSION = YES;
				CLANG_WARN_OBJC_ROOT_CLASS = YES_ERROR;
				CLANG_WARN_QUOTED_INCLUDE_IN_FRAMEWORK_HEADER = YES;
				CLANG_WARN_RANGE_LOOP_ANALYSIS = YES;
				CLANG_WARN_STRICT_PROTOTYPES = YES;
				CLANG_WARN_SUSPICIOUS_MOVE = YES;
				CLANG_WARN_UNGUARDED_AVAILABILITY = YES_AGGRESSIVE;
				CLANG_WARN_UNREACHABLE_CODE = YES;
				CLANG_WARN__DUPLICATE_METHOD_MATCH = YES;
				COPY_PHASE_STRIP = NO;
				DEBUG_INFORMATION_FORMAT = dwarf;
				ENABLE_STRICT_OBJC_MSGSEND = YES;
				ENABLE_TESTABILITY = YES;
				ENABLE_USER_SCRIPT_SANDBOXING = YES;
				GCC_C_LANGUAGE_STANDARD = gnu17;
				GCC_DYNAMIC_NO_PIC = NO;
				GCC_NO_COMMON_BLOCKS = YES;
				GCC_OPTIMIZATION_LEVEL = 0;
				GCC_PREPROCESSOR_DEFINITIONS = (
					"DEBUG=1",
					"$(inherited)",
				);
				GCC_WARN_64_TO_32_BIT_CONVERSION = YES;
				GCC_WARN_ABOUT_RETURN_TYPE = YES_ERROR;
				GCC_WARN_UNDECLARED_SELECTOR = YES;
				GCC_WARN_UNINITIALIZED_AUTOS = YES_AGGRESSIVE;
				GCC_WARN_UNUSED_FUNCTION = YES;
				GCC_WARN_UNUSED_VARIABLE = YES;
				LOCALIZATION_PREFERS_STRING_CATALOGS = YES;
				MACOSX_DEPLOYMENT_TARGET = 15.2;
				MTL_ENABLE_DEBUG_INFO = INCLUDE_SOURCE;
				MTL_FAST_MATH = YES;
				ONLY_ACTIVE_ARCH = YES;
				SDKROOT = macosx;
				SWIFT_ACTIVE_COMPILATION_CONDITIONS = "DEBUG $(inherited)";
				SWIFT_OPTIMIZATION_LEVEL = "-Onone";
			};
			name = Debug;
		};
		E1A4E5232D182ECD0097E575 /* Release */ = {
			isa = XCBuildConfiguration;
			buildSettings = {
				ALLOW_TARGET_PLATFORM_SPECIALIZATION = YES;
				ALWAYS_SEARCH_USER_PATHS = NO;
				ASSETCATALOG_COMPILER_GENERATE_SWIFT_ASSET_SYMBOL_EXTENSIONS = YES;
				CLANG_ANALYZER_NONNULL = YES;
				CLANG_ANALYZER_NUMBER_OBJECT_CONVERSION = YES_AGGRESSIVE;
				CLANG_CXX_LANGUAGE_STANDARD = "gnu++20";
				CLANG_ENABLE_MODULES = YES;
				CLANG_ENABLE_OBJC_ARC = YES;
				CLANG_ENABLE_OBJC_WEAK = YES;
				CLANG_WARN_BLOCK_CAPTURE_AUTORELEASING = YES;
				CLANG_WARN_BOOL_CONVERSION = YES;
				CLANG_WARN_COMMA = YES;
				CLANG_WARN_CONSTANT_CONVERSION = YES;
				CLANG_WARN_DEPRECATED_OBJC_IMPLEMENTATIONS = YES;
				CLANG_WARN_DIRECT_OBJC_ISA_USAGE = YES_ERROR;
				CLANG_WARN_DOCUMENTATION_COMMENTS = YES;
				CLANG_WARN_EMPTY_BODY = YES;
				CLANG_WARN_ENUM_CONVERSION = YES;
				CLANG_WARN_INFINITE_RECURSION = YES;
				CLANG_WARN_INT_CONVERSION = YES;
				CLANG_WARN_NON_LITERAL_NULL_CONVERSION = YES;
				CLANG_WARN_OBJC_IMPLICIT_RETAIN_SELF = YES;
				CLANG_WARN_OBJC_LITERAL_CONVERSION = YES;
				CLANG_WARN_OBJC_ROOT_CLASS = YES_ERROR;
				CLANG_WARN_QUOTED_INCLUDE_IN_FRAMEWORK_HEADER = YES;
				CLANG_WARN_RANGE_LOOP_ANALYSIS = YES;
				CLANG_WARN_STRICT_PROTOTYPES = YES;
				CLANG_WARN_SUSPICIOUS_MOVE = YES;
				CLANG_WARN_UNGUARDED_AVAILABILITY = YES_AGGRESSIVE;
				CLANG_WARN_UNREACHABLE_CODE = YES;
				CLANG_WARN__DUPLICATE_METHOD_MATCH = YES;
				COPY_PHASE_STRIP = NO;
				DEBUG_INFORMATION_FORMAT = "dwarf-with-dsym";
				ENABLE_NS_ASSERTIONS = NO;
				ENABLE_STRICT_OBJC_MSGSEND = YES;
				ENABLE_USER_SCRIPT_SANDBOXING = YES;
				GCC_C_LANGUAGE_STANDARD = gnu17;
				GCC_NO_COMMON_BLOCKS = YES;
				GCC_WARN_64_TO_32_BIT_CONVERSION = YES;
				GCC_WARN_ABOUT_RETURN_TYPE = YES_ERROR;
				GCC_WARN_UNDECLARED_SELECTOR = YES;
				GCC_WARN_UNINITIALIZED_AUTOS = YES_AGGRESSIVE;
				GCC_WARN_UNUSED_FUNCTION = YES;
				GCC_WARN_UNUSED_VARIABLE = YES;
				LOCALIZATION_PREFERS_STRING_CATALOGS = YES;
				MACOSX_DEPLOYMENT_TARGET = 15.2;
				MTL_ENABLE_DEBUG_INFO = NO;
				MTL_FAST_MATH = YES;
				SDKROOT = macosx;
				SWIFT_COMPILATION_MODE = wholemodule;
			};
			name = Release;
		};
		E1A4E5252D182ECD0097E575 /* Debug */ = {
			isa = XCBuildConfiguration;
			buildSettings = {
				ASSETCATALOG_COMPILER_APPICON_NAME = AppIcon;
				ASSETCATALOG_COMPILER_GLOBAL_ACCENT_COLOR_NAME = AccentColor;
				ASSETCATALOG_COMPILER_INCLUDE_ALL_APPICON_ASSETS = YES;
				CODE_SIGN_ENTITLEMENTS = MultiScreenCapturer/MultiScreenCapturer.entitlements;
				CODE_SIGN_IDENTITY = "Apple Development";
				"CODE_SIGN_IDENTITY[sdk=macosx*]" = "-";
				CODE_SIGN_INJECT_BASE_ENTITLEMENTS = YES;
				CODE_SIGN_STYLE = Manual;
				COMBINE_HIDPI_IMAGES = YES;
				CURRENT_PROJECT_VERSION = 1;
				DEVELOPMENT_ASSET_PATHS = "\"MultiScreenCapturer/Preview Content\"";
				DEVELOPMENT_TEAM = "";
				"DEVELOPMENT_TEAM[sdk=macosx*]" = 8RY46C6B44;
				ENABLE_APP_SANDBOX = NO;
				ENABLE_HARDENED_RUNTIME = YES;
				ENABLE_PREVIEWS = YES;
				ENABLE_USER_SELECTED_FILES = readwrite;
				GENERATE_INFOPLIST_FILE = YES;
				INFOPLIST_KEY_CFBundleDisplayName = "";
				INFOPLIST_KEY_LSApplicationCategoryType = "public.app-category.utilities";
				INFOPLIST_KEY_NSHumanReadableCopyright = "";
				LD_RUNPATH_SEARCH_PATHS = (
					"$(inherited)",
					"@executable_path/../Frameworks",
				);
				MACOSX_DEPLOYMENT_TARGET = 14.0;
				MARKETING_VERSION = 0.0.1;
				PRODUCT_BUNDLE_IDENTIFIER = HNRobert.MultiScreenCapturer;
				PRODUCT_NAME = "MultiScreen Capturer";
				PROVISIONING_PROFILE_SPECIFIER = "";
				SWIFT_EMIT_LOC_STRINGS = YES;
				SWIFT_VERSION = 5.0;
			};
			name = Debug;
		};
		E1A4E5262D182ECD0097E575 /* Release */ = {
			isa = XCBuildConfiguration;
			buildSettings = {
				ASSETCATALOG_COMPILER_APPICON_NAME = AppIcon;
				ASSETCATALOG_COMPILER_GLOBAL_ACCENT_COLOR_NAME = AccentColor;
				ASSETCATALOG_COMPILER_INCLUDE_ALL_APPICON_ASSETS = YES;
				CODE_SIGN_ENTITLEMENTS = MultiScreenCapturer/MultiScreenCapturer.entitlements;
				CODE_SIGN_IDENTITY = "Apple Development";
				"CODE_SIGN_IDENTITY[sdk=macosx*]" = "-";
				CODE_SIGN_INJECT_BASE_ENTITLEMENTS = YES;
				CODE_SIGN_STYLE = Manual;
				COMBINE_HIDPI_IMAGES = YES;
				CURRENT_PROJECT_VERSION = 1;
				DEVELOPMENT_ASSET_PATHS = "\"MultiScreenCapturer/Preview Content\"";
				DEVELOPMENT_TEAM = "";
				"DEVELOPMENT_TEAM[sdk=macosx*]" = 8RY46C6B44;
				ENABLE_APP_SANDBOX = NO;
				ENABLE_HARDENED_RUNTIME = YES;
				ENABLE_PREVIEWS = YES;
				ENABLE_USER_SELECTED_FILES = readwrite;
				GENERATE_INFOPLIST_FILE = YES;
				INFOPLIST_KEY_CFBundleDisplayName = "";
				INFOPLIST_KEY_LSApplicationCategoryType = "public.app-category.utilities";
				INFOPLIST_KEY_NSHumanReadableCopyright = "";
				LD_RUNPATH_SEARCH_PATHS = (
					"$(inherited)",
					"@executable_path/../Frameworks",
				);
				MACOSX_DEPLOYMENT_TARGET = 14.0;
				MARKETING_VERSION = 0.0.1;
				PRODUCT_BUNDLE_IDENTIFIER = HNRobert.MultiScreenCapturer;
				PRODUCT_NAME = "MultiScreen Capturer";
				PROVISIONING_PROFILE_SPECIFIER = "";
				SWIFT_EMIT_LOC_STRINGS = YES;
				SWIFT_VERSION = 5.0;
			};
			name = Release;
		};
/* End XCBuildConfiguration section */

/* Begin XCConfigurationList section */
		E116A1F92D1C7AC4009314FB /* Build configuration list for PBXNativeTarget "MultiScreenCapturerTests" */ = {
			isa = XCConfigurationList;
			buildConfigurations = (
				E116A1FA2D1C7AC4009314FB /* Debug */,
				E116A1FB2D1C7AC4009314FB /* Release */,
			);
			defaultConfigurationIsVisible = 0;
			defaultConfigurationName = Release;
		};
		E116A2082D1C7AFC009314FB /* Build configuration list for PBXNativeTarget "MultiScreenCapturerUITests" */ = {
			isa = XCConfigurationList;
			buildConfigurations = (
				E116A2092D1C7AFC009314FB /* Debug */,
				E116A20A2D1C7AFC009314FB /* Release */,
			);
			defaultConfigurationIsVisible = 0;
			defaultConfigurationName = Release;
		};
		E1A4E4F82D182ECC0097E575 /* Build configuration list for PBXProject "MultiScreenCapturer" */ = {
			isa = XCConfigurationList;
			buildConfigurations = (
				E1A4E5222D182ECD0097E575 /* Debug */,
				E1A4E5232D182ECD0097E575 /* Release */,
			);
			defaultConfigurationIsVisible = 0;
			defaultConfigurationName = Release;
		};
		E1A4E5242D182ECD0097E575 /* Build configuration list for PBXNativeTarget "MultiScreenCapturer" */ = {
			isa = XCConfigurationList;
			buildConfigurations = (
				E1A4E5252D182ECD0097E575 /* Debug */,
				E1A4E5262D182ECD0097E575 /* Release */,
			);
			defaultConfigurationIsVisible = 0;
			defaultConfigurationName = Release;
		};
/* End XCConfigurationList section */
	};
	rootObject = E1A4E4F52D182ECC0097E575 /* Project object */;
}
